
Microsoft Visual Studio Solution File, Format Version 12.00
# Visual Studio Version 17
VisualStudioVersion = 17.0.32112.339
MinimumVisualStudioVersion = 10.0.40219.1
Project("{9A19103F-16F7-4668-BE54-9A1E7A4F7556}") = "FirstCSharp", "FirstCSharp\FirstCSharp.csproj", "{40127052-223F-4A8D-875B-DC50C8B2C237}"
EndProject
Project("{9A19103F-16F7-4668-BE54-9A1E7A4F7556}") = "InternalProject", "InternalProject\InternalProject.csproj", "{68F42FE2-C444-445F-8353-8C529A13B6E3}"
EndProject
Project("{9A19103F-16F7-4668-BE54-9A1E7A4F7556}") = "jhony.calle.sample", "jhony.calle.sample\jhony.calle.sample.csproj", "{8598D3BA-D3C8-4083-8F5B-CA13617EA4CC}"
EndProject
Project("{2150E333-8FDC-42A3-9474-1A3956D46DE8}") = "Interfaces", "Interfaces", "{D1CA5AD2-8CD1-49EE-A325-AD3BFEA54C4B}"
EndProject
Project("{9A19103F-16F7-4668-BE54-9A1E7A4F7556}") = "Interfaces.Console", "Interfaces.Console\Interfaces.Console.csproj", "{20B6F73E-720E-418E-A77F-FB621C1B4F00}"
EndProject
Project("{9A19103F-16F7-4668-BE54-9A1E7A4F7556}") = "Interfaces", "Interfaces\Interfaces.csproj", "{7EC27B7A-C89D-4B61-945D-7D0E754AF535}"
EndProject
Project("{9A19103F-16F7-4668-BE54-9A1E7A4F7556}") = "Google.Search", "Google.Search\Google.Search.csproj", "{D1D6730C-A35E-42D7-A3F8-C47C7DF161B1}"
EndProject
Project("{9A19103F-16F7-4668-BE54-9A1E7A4F7556}") = "Bing.Search", "Bing.Search\Bing.Search.csproj", "{3A9DBF41-E071-403A-9F1B-D1D36D40E5FD}"
EndProject
Project("{9A19103F-16F7-4668-BE54-9A1E7A4F7556}") = "Yahoo.Search", "Yahoo.Search\Yahoo.Search.csproj", "{4D971B9B-6023-4803-8931-0E70AA6E2055}"
EndProject
Project("{2150E333-8FDC-42A3-9474-1A3956D46DE8}") = "Enumerators", "Enumerators", "{666B9B30-4ED0-4580-8424-287F90E9CC61}"
EndProject
Project("{9A19103F-16F7-4668-BE54-9A1E7A4F7556}") = "Enumerator", "Enumerator\Enumerator.csproj", "{07C4DE64-0790-4230-AC4A-25D5A264534F}"
EndProject
Project("{9A19103F-16F7-4668-BE54-9A1E7A4F7556}") = "Enumerator.Console", "Enumerator.Console\Enumerator.Console.csproj", "{14C2D72B-7EB1-437D-B31F-E2F29C7C8374}"
EndProject
Project("{2150E333-8FDC-42A3-9474-1A3956D46DE8}") = "Delegates", "Delegates", "{EF276E4E-5AF8-447B-A17C-C2462ADF2EFF}"
EndProject
Project("{9A19103F-16F7-4668-BE54-9A1E7A4F7556}") = "Delegates.Console", "Delegates.Console\Delegates.Console.csproj", "{FFFD70B7-BC78-4B8C-A80C-81D7A7361513}"
EndProject
Project("{9A19103F-16F7-4668-BE54-9A1E7A4F7556}") = "Delegates", "Delegates\Delegates.csproj", "{3C7DCDCE-D0B6-431F-86A8-CBBAC7858854}"
EndProject
Project("{2150E333-8FDC-42A3-9474-1A3956D46DE8}") = "Events", "Events", "{C08C21CD-CD79-42D8-A15A-2CF9DD25DED4}"
EndProject
Project("{9A19103F-16F7-4668-BE54-9A1E7A4F7556}") = "Events", "Events\Events.csproj", "{A6D254E1-7D40-4AD9-A4F0-8FAF71834D33}"
EndProject
Project("{9A19103F-16F7-4668-BE54-9A1E7A4F7556}") = "Events.Console", "Events.Console\Events.Console.csproj", "{A16179D1-25CF-4A93-B8EF-59577807D7CC}"
EndProject
Project("{2150E333-8FDC-42A3-9474-1A3956D46DE8}") = "Async", "Async", "{CE4F4FC9-231A-442A-AEF0-03FA72FBF8D9}"
EndProject
Project("{FAE04EC0-301F-11D3-BF4B-00C04F79EFBC}") = "Async.Console", "Async.Console\Async.Console.csproj", "{E998FC8C-3BBD-4D1E-8247-8A7472F1C27F}"
EndProject
Project("{FAE04EC0-301F-11D3-BF4B-00C04F79EFBC}") = "Async.WPF", "Async.WPF\Async.WPF.csproj", "{97BF82AB-7482-4AA8-975A-4921AA18CF3D}"
EndProject
Global
	GlobalSection(SolutionConfigurationPlatforms) = preSolution
		Debug|Any CPU = Debug|Any CPU
		Release|Any CPU = Release|Any CPU
	EndGlobalSection
	GlobalSection(ProjectConfigurationPlatforms) = postSolution
		{40127052-223F-4A8D-875B-DC50C8B2C237}.Debug|Any CPU.ActiveCfg = Debug|Any CPU
		{40127052-223F-4A8D-875B-DC50C8B2C237}.Debug|Any CPU.Build.0 = Debug|Any CPU
		{40127052-223F-4A8D-875B-DC50C8B2C237}.Release|Any CPU.ActiveCfg = Release|Any CPU
		{40127052-223F-4A8D-875B-DC50C8B2C237}.Release|Any CPU.Build.0 = Release|Any CPU
		{68F42FE2-C444-445F-8353-8C529A13B6E3}.Debug|Any CPU.ActiveCfg = Debug|Any CPU
		{68F42FE2-C444-445F-8353-8C529A13B6E3}.Debug|Any CPU.Build.0 = Debug|Any CPU
		{68F42FE2-C444-445F-8353-8C529A13B6E3}.Release|Any CPU.ActiveCfg = Release|Any CPU
		{68F42FE2-C444-445F-8353-8C529A13B6E3}.Release|Any CPU.Build.0 = Release|Any CPU
		{8598D3BA-D3C8-4083-8F5B-CA13617EA4CC}.Debug|Any CPU.ActiveCfg = Debug|Any CPU
		{8598D3BA-D3C8-4083-8F5B-CA13617EA4CC}.Debug|Any CPU.Build.0 = Debug|Any CPU
		{8598D3BA-D3C8-4083-8F5B-CA13617EA4CC}.Release|Any CPU.ActiveCfg = Release|Any CPU
		{8598D3BA-D3C8-4083-8F5B-CA13617EA4CC}.Release|Any CPU.Build.0 = Release|Any CPU
		{20B6F73E-720E-418E-A77F-FB621C1B4F00}.Debug|Any CPU.ActiveCfg = Debug|Any CPU
		{20B6F73E-720E-418E-A77F-FB621C1B4F00}.Debug|Any CPU.Build.0 = Debug|Any CPU
		{20B6F73E-720E-418E-A77F-FB621C1B4F00}.Release|Any CPU.ActiveCfg = Release|Any CPU
		{20B6F73E-720E-418E-A77F-FB621C1B4F00}.Release|Any CPU.Build.0 = Release|Any CPU
		{7EC27B7A-C89D-4B61-945D-7D0E754AF535}.Debug|Any CPU.ActiveCfg = Debug|Any CPU
		{7EC27B7A-C89D-4B61-945D-7D0E754AF535}.Debug|Any CPU.Build.0 = Debug|Any CPU
		{7EC27B7A-C89D-4B61-945D-7D0E754AF535}.Release|Any CPU.ActiveCfg = Release|Any CPU
		{7EC27B7A-C89D-4B61-945D-7D0E754AF535}.Release|Any CPU.Build.0 = Release|Any CPU
		{D1D6730C-A35E-42D7-A3F8-C47C7DF161B1}.Debug|Any CPU.ActiveCfg = Debug|Any CPU
		{D1D6730C-A35E-42D7-A3F8-C47C7DF161B1}.Debug|Any CPU.Build.0 = Debug|Any CPU
		{D1D6730C-A35E-42D7-A3F8-C47C7DF161B1}.Release|Any CPU.ActiveCfg = Release|Any CPU
		{D1D6730C-A35E-42D7-A3F8-C47C7DF161B1}.Release|Any CPU.Build.0 = Release|Any CPU
		{3A9DBF41-E071-403A-9F1B-D1D36D40E5FD}.Debug|Any CPU.ActiveCfg = Debug|Any CPU
		{3A9DBF41-E071-403A-9F1B-D1D36D40E5FD}.Debug|Any CPU.Build.0 = Debug|Any CPU
		{3A9DBF41-E071-403A-9F1B-D1D36D40E5FD}.Release|Any CPU.ActiveCfg = Release|Any CPU
		{3A9DBF41-E071-403A-9F1B-D1D36D40E5FD}.Release|Any CPU.Build.0 = Release|Any CPU
		{4D971B9B-6023-4803-8931-0E70AA6E2055}.Debug|Any CPU.ActiveCfg = Debug|Any CPU
		{4D971B9B-6023-4803-8931-0E70AA6E2055}.Debug|Any CPU.Build.0 = Debug|Any CPU
		{4D971B9B-6023-4803-8931-0E70AA6E2055}.Release|Any CPU.ActiveCfg = Release|Any CPU
		{4D971B9B-6023-4803-8931-0E70AA6E2055}.Release|Any CPU.Build.0 = Release|Any CPU
		{07C4DE64-0790-4230-AC4A-25D5A264534F}.Debug|Any CPU.ActiveCfg = Debug|Any CPU
		{07C4DE64-0790-4230-AC4A-25D5A264534F}.Debug|Any CPU.Build.0 = Debug|Any CPU
		{07C4DE64-0790-4230-AC4A-25D5A264534F}.Release|Any CPU.ActiveCfg = Release|Any CPU
		{07C4DE64-0790-4230-AC4A-25D5A264534F}.Release|Any CPU.Build.0 = Release|Any CPU
		{14C2D72B-7EB1-437D-B31F-E2F29C7C8374}.Debug|Any CPU.ActiveCfg = Debug|Any CPU
		{14C2D72B-7EB1-437D-B31F-E2F29C7C8374}.Debug|Any CPU.Build.0 = Debug|Any CPU
		{14C2D72B-7EB1-437D-B31F-E2F29C7C8374}.Release|Any CPU.ActiveCfg = Release|Any CPU
		{14C2D72B-7EB1-437D-B31F-E2F29C7C8374}.Release|Any CPU.Build.0 = Release|Any CPU
		{FFFD70B7-BC78-4B8C-A80C-81D7A7361513}.Debug|Any CPU.ActiveCfg = Debug|Any CPU
		{FFFD70B7-BC78-4B8C-A80C-81D7A7361513}.Debug|Any CPU.Build.0 = Debug|Any CPU
		{FFFD70B7-BC78-4B8C-A80C-81D7A7361513}.Release|Any CPU.ActiveCfg = Release|Any CPU
		{FFFD70B7-BC78-4B8C-A80C-81D7A7361513}.Release|Any CPU.Build.0 = Release|Any CPU
		{3C7DCDCE-D0B6-431F-86A8-CBBAC7858854}.Debug|Any CPU.ActiveCfg = Debug|Any CPU
		{3C7DCDCE-D0B6-431F-86A8-CBBAC7858854}.Debug|Any CPU.Build.0 = Debug|Any CPU
		{3C7DCDCE-D0B6-431F-86A8-CBBAC7858854}.Release|Any CPU.ActiveCfg = Release|Any CPU
		{3C7DCDCE-D0B6-431F-86A8-CBBAC7858854}.Release|Any CPU.Build.0 = Release|Any CPU
		{A6D254E1-7D40-4AD9-A4F0-8FAF71834D33}.Debug|Any CPU.ActiveCfg = Debug|Any CPU
		{A6D254E1-7D40-4AD9-A4F0-8FAF71834D33}.Debug|Any CPU.Build.0 = Debug|Any CPU
		{A6D254E1-7D40-4AD9-A4F0-8FAF71834D33}.Release|Any CPU.ActiveCfg = Release|Any CPU
		{A6D254E1-7D40-4AD9-A4F0-8FAF71834D33}.Release|Any CPU.Build.0 = Release|Any CPU
		{A16179D1-25CF-4A93-B8EF-59577807D7CC}.Debug|Any CPU.ActiveCfg = Debug|Any CPU
		{A16179D1-25CF-4A93-B8EF-59577807D7CC}.Debug|Any CPU.Build.0 = Debug|Any CPU
		{A16179D1-25CF-4A93-B8EF-59577807D7CC}.Release|Any CPU.ActiveCfg = Release|Any CPU
		{A16179D1-25CF-4A93-B8EF-59577807D7CC}.Release|Any CPU.Build.0 = Release|Any CPU
		{E998FC8C-3BBD-4D1E-8247-8A7472F1C27F}.Debug|Any CPU.ActiveCfg = Debug|Any CPU
		{E998FC8C-3BBD-4D1E-8247-8A7472F1C27F}.Debug|Any CPU.Build.0 = Debug|Any CPU
		{E998FC8C-3BBD-4D1E-8247-8A7472F1C27F}.Release|Any CPU.ActiveCfg = Release|Any CPU
		{E998FC8C-3BBD-4D1E-8247-8A7472F1C27F}.Release|Any CPU.Build.0 = Release|Any CPU
		{97BF82AB-7482-4AA8-975A-4921AA18CF3D}.Debug|Any CPU.ActiveCfg = Debug|Any CPU
		{97BF82AB-7482-4AA8-975A-4921AA18CF3D}.Debug|Any CPU.Build.0 = Debug|Any CPU
		{97BF82AB-7482-4AA8-975A-4921AA18CF3D}.Release|Any CPU.ActiveCfg = Release|Any CPU
		{97BF82AB-7482-4AA8-975A-4921AA18CF3D}.Release|Any CPU.Build.0 = Release|Any CPU
	EndGlobalSection
	GlobalSection(SolutionProperties) = preSolution
		HideSolutionNode = FALSE
	EndGlobalSection
	GlobalSection(NestedProjects) = preSolution
		{20B6F73E-720E-418E-A77F-FB621C1B4F00} = {D1CA5AD2-8CD1-49EE-A325-AD3BFEA54C4B}
		{7EC27B7A-C89D-4B61-945D-7D0E754AF535} = {D1CA5AD2-8CD1-49EE-A325-AD3BFEA54C4B}
		{D1D6730C-A35E-42D7-A3F8-C47C7DF161B1} = {D1CA5AD2-8CD1-49EE-A325-AD3BFEA54C4B}
		{3A9DBF41-E071-403A-9F1B-D1D36D40E5FD} = {D1CA5AD2-8CD1-49EE-A325-AD3BFEA54C4B}
		{4D971B9B-6023-4803-8931-0E70AA6E2055} = {D1CA5AD2-8CD1-49EE-A325-AD3BFEA54C4B}
		{07C4DE64-0790-4230-AC4A-25D5A264534F} = {666B9B30-4ED0-4580-8424-287F90E9CC61}
		{14C2D72B-7EB1-437D-B31F-E2F29C7C8374} = {666B9B30-4ED0-4580-8424-287F90E9CC61}
		{FFFD70B7-BC78-4B8C-A80C-81D7A7361513} = {EF276E4E-5AF8-447B-A17C-C2462ADF2EFF}
		{3C7DCDCE-D0B6-431F-86A8-CBBAC7858854} = {EF276E4E-5AF8-447B-A17C-C2462ADF2EFF}
		{A6D254E1-7D40-4AD9-A4F0-8FAF71834D33} = {C08C21CD-CD79-42D8-A15A-2CF9DD25DED4}
		{A16179D1-25CF-4A93-B8EF-59577807D7CC} = {C08C21CD-CD79-42D8-A15A-2CF9DD25DED4}
		{E998FC8C-3BBD-4D1E-8247-8A7472F1C27F} = {CE4F4FC9-231A-442A-AEF0-03FA72FBF8D9}
		{97BF82AB-7482-4AA8-975A-4921AA18CF3D} = {CE4F4FC9-231A-442A-AEF0-03FA72FBF8D9}
	EndGlobalSection
	GlobalSection(ExtensibilityGlobals) = postSolution
		SolutionGuid = {186CCF9A-945B-48CC-B6C3-8077D6950F60}
	EndGlobalSection
EndGlobal
